
Microsoft Visual Studio Solution File, Format Version 12.00
# Visual Studio Version 16
VisualStudioVersion = 16.0.31321.278
MinimumVisualStudioVersion = 10.0.40219.1
Project("{8BC9CEB8-8B4A-11D0-8D11-00A0C91BC942}") = "ConstOverloading", "ConstOverloading.vcxproj", "{0225542C-9A5A-4FD8-A792-05ED5099A989}"
EndProject
Global
	GlobalSection(SolutionConfigurationPlatforms) = preSolution
		Debug|x64 = Debug|x64
		Debug|x86 = Debug|x86
		Release|x64 = Release|x64
		Release|x86 = Release|x86
	EndGlobalSection
	GlobalSection(ProjectConfigurationPlatforms) = postSolution
		{0225542C-9A5A-4FD8-A792-05ED5099A989}.Debug|x64.ActiveCfg = Debug|x64
		{0225542C-9A5A-4FD8-A792-05ED5099A989}.Debug|x64.Build.0 = Debug|x64
		{0225542C-9A5A-4FD8-A792-05ED5099A989}.Debug|x86.ActiveCfg = Debug|Win32
		{0225542C-9A5A-4FD8-A792-05ED5099A989}.Debug|x86.Build.0 = Debug|Win32
		{0225542C-9A5A-4FD8-A792-05ED5099A989}.Release|x64.ActiveCfg = Release|x64
		{0225542C-9A5A-4FD8-A792-05ED5099A989}.Release|x64.Build.0 = Release|x64
		{0225542C-9A5A-4FD8-A792-05ED5099A989}.Release|x86.ActiveCfg = Release|Win32
		{0225542C-9A5A-4FD8-A792-05ED5099A989}.Release|x86.Build.0 = Release|Win32
	EndGlobalSection
	GlobalSection(SolutionProperties) = preSolution
		HideSolutionNode = FALSE
	EndGlobalSection
	GlobalSection(ExtensibilityGlobals) = postSolution
		SolutionGuid = {A7FA7817-3210-4335-B9B9-98329C0593CB}
	EndGlobalSection
EndGlobal
